
Microsoft Visual Studio Solution File, Format Version 12.00
Project("{2150E333-8FDC-42A3-9474-1A3956D46DE8}") = "src", "src", "{275334EF-E4D0-423E-BC78-E11F9D8C71E6}"
EndProject
Project("{FAE04EC0-301F-11D3-BF4B-00C04F79EFBC}") = "XRPAtom.API", "XRPAtom.API\XRPAtom.API.csproj", "{5CD0E85E-D465-44F2-B326-17620D709FF0}"
EndProject
Project("{FAE04EC0-301F-11D3-BF4B-00C04F79EFBC}") = "XRPAtom.Core", "XRPAtom.Core\XRPAtom.Core.csproj", "{F11840F5-8022-466C-9494-AA1655127166}"
EndProject
Project("{FAE04EC0-301F-11D3-BF4B-00C04F79EFBC}") = "XRPAtom.Infrastructure", "XRPAtom.Infrastructure\XRPAtom.Infrastructure.csproj", "{6490864A-1AC9-43AC-9EA2-A5AB3BD2AA3D}"
EndProject
Project("{FAE04EC0-301F-11D3-BF4B-00C04F79EFBC}") = "XRPAtom.Blockchain", "XRPAtom.Blockchain\XRPAtom.Blockchain.csproj", "{101970A6-F4E1-4529-AFC7-F4DD4B2F2916}"
EndProject
Project("{FAE04EC0-301F-11D3-BF4B-00C04F79EFBC}") = "XRPAtom.IoT", "XRPAtom.IoT\XRPAtom.IoT.csproj", "{BB8C0A1B-2869-41EA-AF72-85E5A9A957EF}"
EndProject
Global
	GlobalSection(SolutionConfigurationPlatforms) = preSolution
		Debug|Any CPU = Debug|Any CPU
		Release|Any CPU = Release|Any CPU
	EndGlobalSection
	GlobalSection(NestedProjects) = preSolution
		{5CD0E85E-D465-44F2-B326-17620D709FF0} = {275334EF-E4D0-423E-BC78-E11F9D8C71E6}
		{F11840F5-8022-466C-9494-AA1655127166} = {275334EF-E4D0-423E-BC78-E11F9D8C71E6}
		{6490864A-1AC9-43AC-9EA2-A5AB3BD2AA3D} = {275334EF-E4D0-423E-BC78-E11F9D8C71E6}
		{101970A6-F4E1-4529-AFC7-F4DD4B2F2916} = {275334EF-E4D0-423E-BC78-E11F9D8C71E6}
		{BB8C0A1B-2869-41EA-AF72-85E5A9A957EF} = {275334EF-E4D0-423E-BC78-E11F9D8C71E6}
	EndGlobalSection
	GlobalSection(ProjectConfigurationPlatforms) = postSolution
		{5CD0E85E-D465-44F2-B326-17620D709FF0}.Debug|Any CPU.ActiveCfg = Debug|Any CPU
		{5CD0E85E-D465-44F2-B326-17620D709FF0}.Debug|Any CPU.Build.0 = Debug|Any CPU
		{5CD0E85E-D465-44F2-B326-17620D709FF0}.Release|Any CPU.ActiveCfg = Release|Any CPU
		{5CD0E85E-D465-44F2-B326-17620D709FF0}.Release|Any CPU.Build.0 = Release|Any CPU
		{F11840F5-8022-466C-9494-AA1655127166}.Debug|Any CPU.ActiveCfg = Debug|Any CPU
		{F11840F5-8022-466C-9494-AA1655127166}.Debug|Any CPU.Build.0 = Debug|Any CPU
		{F11840F5-8022-466C-9494-AA1655127166}.Release|Any CPU.ActiveCfg = Release|Any CPU
		{F11840F5-8022-466C-9494-AA1655127166}.Release|Any CPU.Build.0 = Release|Any CPU
		{6490864A-1AC9-43AC-9EA2-A5AB3BD2AA3D}.Debug|Any CPU.ActiveCfg = Debug|Any CPU
		{6490864A-1AC9-43AC-9EA2-A5AB3BD2AA3D}.Debug|Any CPU.Build.0 = Debug|Any CPU
		{6490864A-1AC9-43AC-9EA2-A5AB3BD2AA3D}.Release|Any CPU.ActiveCfg = Release|Any CPU
		{6490864A-1AC9-43AC-9EA2-A5AB3BD2AA3D}.Release|Any CPU.Build.0 = Release|Any CPU
		{101970A6-F4E1-4529-AFC7-F4DD4B2F2916}.Debug|Any CPU.ActiveCfg = Debug|Any CPU
		{101970A6-F4E1-4529-AFC7-F4DD4B2F2916}.Debug|Any CPU.Build.0 = Debug|Any CPU
		{101970A6-F4E1-4529-AFC7-F4DD4B2F2916}.Release|Any CPU.ActiveCfg = Release|Any CPU
		{101970A6-F4E1-4529-AFC7-F4DD4B2F2916}.Release|Any CPU.Build.0 = Release|Any CPU
		{BB8C0A1B-2869-41EA-AF72-85E5A9A957EF}.Debug|Any CPU.ActiveCfg = Debug|Any CPU
		{BB8C0A1B-2869-41EA-AF72-85E5A9A957EF}.Debug|Any CPU.Build.0 = Debug|Any CPU
		{BB8C0A1B-2869-41EA-AF72-85E5A9A957EF}.Release|Any CPU.ActiveCfg = Release|Any CPU
		{BB8C0A1B-2869-41EA-AF72-85E5A9A957EF}.Release|Any CPU.Build.0 = Release|Any CPU
	EndGlobalSection
EndGlobal
